{
  "name": "ssh-online",
  "version": "1.0.0",
  "lockfileVersion": 1,
  "requires": true,
  "dependencies": {
    "@types/koa": {
      "version": "2.0.49",
      "resolved": "https://registry.npm.taobao.org/@types/koa/download/@types/koa-2.0.49.tgz",
      "integrity": "sha1-j/wt291xWiw5KiGMZ+EWywcAcjQ=",
      "dev": true,
      "dependencies": {
        "@types/node": {
          "version": "12.6.8",
          "resolved": "https://registry.npm.taobao.org/@types/node/download/@types/node-12.6.8.tgz?cache=0&other_urls=https%3A%2F%2Fregistry.npm.taobao.org%2F%40types%2Fnode%2Fdownload%2F%40types%2Fnode-12.6.8.tgz",
          "integrity": "sha1-5Gm0v50cmDKu5JB7qKBRSUNXwSw="
        }
      }
    },
    "@types/koa-bodyparser": {
      "version": "4.3.0",
      "resolved": "https://registry.npm.taobao.org/@types/koa-bodyparser/download/@types/koa-bodyparser-4.3.0.tgz",
      "integrity": "sha1-VOzWYsRfOk+p3oSVKN5fyKsmm6U=",
      "dev": true
    },
    "@types/koa-router": {
      "version": "7.0.42",
      "resolved": "https://registry.npm.taobao.org/@types/koa-router/download/@types/koa-router-7.0.42.tgz",
      "integrity": "sha1-DlwB1NCihz1ALUMhFPCDctfFDrE=",
      "dev": true
    },
    "@types/koa-session": {
      "version": "5.10.1",
      "resolved": "https://registry.npm.taobao.org/@types/koa-session/download/@types/koa-session-5.10.1.tgz",
      "integrity": "sha1-+d4l6eZ6DZI/hcLspRcA/8y023c=",
      "dev": true
    },
    "@types/node": {
      "version": "12.6.8",
      "resolved": "https://registry.npm.taobao.org/@types/node/download/@types/node-12.6.8.tgz?cache=0&other_urls=https%3A%2F%2Fregistry.npm.taobao.org%2F%40types%2Fnode%2Fdownload%2F%40types%2Fnode-12.6.8.tgz",
      "integrity": "sha1-5Gm0v50cmDKu5JB7qKBRSUNXwSw=",
      "dev": true
    },
    "@types/socket.io": {
      "version": "2.1.2",
      "resolved": "https://registry.npm.taobao.org/@types/socket.io/download/@types/socket.io-2.1.2.tgz",
      "integrity": "sha1-cWXCWHzDuGtEqnjioAYBQFUd4hE=",
      "dev": true
    },
    "bluebird": {
      "version": "3.5.5",
      "resolved": "https://registry.npm.taobao.org/bluebird/download/bluebird-3.5.5.tgz?cache=0&other_urls=https%3A%2F%2Fregistry.npm.taobao.org%2Fbluebird%2Fdownload%2Fbluebird-3.5.5.tgz",
      "integrity": "sha1-qNCv1zJR7/u9X+OEp31zADwXpx8="
    },
    "cls-bluebird": {
      "version": "2.1.0",
      "resolved": "http://registry.npm.taobao.org/cls-bluebird/download/cls-bluebird-2.1.0.tgz",
      "integrity": "sha1-N+8eCAqP+1XC9BZPU28ZGeeWiu4="
    },
    "dottie": {
      "version": "2.0.1",
      "resolved": "http://registry.npm.taobao.org/dottie/download/dottie-2.0.1.tgz",
      "integrity": "sha1-aXrZ1yAE23V00h+JJGajwoWJNlk="
    },
    "inflection": {
      "version": "1.12.0",
      "resolved": "http://registry.npm.taobao.org/inflection/download/inflection-1.12.0.tgz",
      "integrity": "sha1-ogCTVlbW9fa8TcdQLhrstwMihBY="
    },
    "koa": {
      "version": "2.7.0",
      "resolved": "http://registry.npm.taobao.org/koa/download/koa-2.7.0.tgz",
      "integrity": "sha1-fgCENQaUK52CxswzdJ9lfG5eet8=",
      "dependencies": {
        "debug": {
          "version": "3.1.0",
          "resolved": "http://registry.npm.taobao.org/debug/download/debug-3.1.0.tgz",
          "integrity": "sha1-W7WgZyYotkFJVmuhaBnmFRjGcmE="
        }
      }
    },
    "koa-bodyparser": {
      "version": "4.2.1",
      "resolved": "https://registry.npm.taobao.org/koa-bodyparser/download/koa-bodyparser-4.2.1.tgz",
      "integrity": "sha1-TX2stebbEQZkm1ldnlzLFYtvOyk="
    },
    "koa-log4": {
      "version": "2.3.2",
      "resolved": "http://registry.npm.taobao.org/koa-log4/download/koa-log4-2.3.2.tgz",
      "integrity": "sha1-kfeaFKx1yeNstT37rMsA1UgsTBI="
    },
    "koa-router": {
      "version": "7.4.0",
      "resolved": "http://registry.npm.taobao.org/koa-router/download/koa-router-7.4.0.tgz",
      "integrity": "sha1-ruH3rcAtXLMdfWdGXJ6syCXoxeA=",
      "dependencies": {
        "koa-compose": {
          "version": "3.2.1",
          "resolved": "http://registry.npm.taobao.org/koa-compose/download/koa-compose-3.2.1.tgz",
          "integrity": "sha1-qFzLQLfZhtjlo0Wzoazo6rz1Tec="
        }
      }
    },
    "koa-session": {
      "version": "5.12.2",
      "resolved": "https://registry.npm.taobao.org/koa-session/download/koa-session-5.12.2.tgz?cache=0&other_urls=https%3A%2F%2Fregistry.npm.taobao.org%2Fkoa-session%2Fdownload%2Fkoa-session-5.12.2.tgz",
      "integrity": "sha1-qVSTYXUehLE353i7k99e61FHjB8="
    },
    "lodash": {
      "version": "4.17.19",
      "resolved": "https://registry.npmjs.org/lodash/-/lodash-4.17.19.tgz",
      "integrity": "sha512-JNvd8XER9GQX0v2qJgsaN/mzFCNA5BRe/j8JN9d+tWyGLSodKQHKFicdwNYzWwI3wjRnaKPsGj1XkBjx/F96DQ=="
    },
    "memorystore": {
      "version": "1.6.1",
      "resolved": "https://registry.npm.taobao.org/memorystore/download/memorystore-1.6.1.tgz",
      "integrity": "sha1-wd9OaJLzA6d4JTek4aSeTsHY7VM=",
      "dependencies": {
        "debug": {
          "version": "3.1.0",
          "resolved": "http://registry.npm.taobao.org/debug/download/debug-3.1.0.tgz",
          "integrity": "sha1-W7WgZyYotkFJVmuhaBnmFRjGcmE="
        }
      }
    },
    "moment": {
      "version": "2.24.0",
      "resolved": "http://registry.npm.taobao.org/moment/download/moment-2.24.0.tgz",
      "integrity": "sha1-DQVdU/UFKqZTyfbraLtdEr9cK1s="
    },
    "moment-timezone": {
      "version": "0.5.26",
      "resolved": "https://registry.npm.taobao.org/moment-timezone/download/moment-timezone-0.5.26.tgz",
      "integrity": "sha1-wCZ8oJroRjGqPcM/Zb7b5ujg13I="
    },
    "node-pty": {
      "version": "0.9.0-beta19",
      "resolved": "https://registry.npm.taobao.org/node-pty/download/node-pty-0.9.0-beta19.tgz",
      "integrity": "sha1-D9OBsgBvRmXEwu4FCSGeWRhCNxo="
    },
    "nodemon": {
      "version": "1.19.1",
      "resolved": "https://registry.npm.taobao.org/nodemon/download/nodemon-1.19.1.tgz?cache=0&other_urls=https%3A%2F%2Fregistry.npm.taobao.org%2Fnodemon%2Fdownload%2Fnodemon-1.19.1.tgz",
      "integrity": "sha1-V28KrQ+GOqv4xIUX9hkv+YfNUHE=",
      "dev": true
    },
    "retry-as-promised": {
      "version": "3.2.0",
      "resolved": "http://registry.npm.taobao.org/retry-as-promised/download/retry-as-promised-3.2.0.tgz",
      "integrity": "sha1-dp9j1Ta+xHg1SdsHd8tW2t2dhUM="
    },
    "sequelize": {
      "version": "5.15.1",
      "resolved": "https://registry.npmjs.org/sequelize/-/sequelize-5.15.1.tgz",
      "integrity": "sha512-DCzzJYvJLMKnyf8G3at2A+yM9M2fSQmTmuOYIpCWM8Gjqx3XfgNTd1NkuyPWFoi1/d1AXQsN2VDPXkPczida8A==",
      "requires": {
        "bluebird": "^3.5.0",
        "cls-bluebird": "^2.1.0",
        "debug": "^4.1.1",
        "dottie": "^2.0.0",
        "inflection": "1.12.0",
        "lodash": "^4.17.11",
        "moment": "^2.24.0",
        "moment-timezone": "^0.5.21",
        "retry-as-promised": "^3.1.0",
        "semver": "^6.1.1",
        "sequelize-pool": "^2.3.0",
        "toposort-class": "^1.0.1",
        "uuid": "^3.2.1",
        "validator": "^10.11.0",
        "wkx": "^0.4.6"
      },
      "dependencies": {
        "debug": {
          "version": "4.1.1",
          "resolved": "https://registry.npmjs.org/debug/-/debug-4.1.1.tgz",
          "integrity": "sha512-pYAIzeRo8J6KPEaJ0VWOh5Pzkbw/RetuzehGM7QRRX5he4fPHx2rdKMB256ehJCkX+XRQm16eZLqLNS8RSZXZw==",
          "requires": {
            "ms": "^2.1.1"
          }
        },
        "ms": {
          "version": "2.1.2",
          "resolved": "https://registry.npmjs.org/ms/-/ms-2.1.2.tgz",
          "integrity": "sha512-sGkPx+VjMtmA6MX27oA4FBFELFCZZ4S4XqeGOXCv68tT+jb3vk/RyaKWP0PTKyWtmLSM0b+adUTEvbs1PEaH2w=="
        },
        "semver": {
          "version": "6.3.0",
          "resolved": "https://registry.npmjs.org/semver/-/semver-6.3.0.tgz",
          "integrity": "sha512-b39TBaTSfV6yBrapU89p5fKekE2m/NwnDocOVruQFS1/veMgdzuPcnOM34M6CwxW8jH/lxEa5rBoDeUwu5HHTw=="
        }
      }
    },
    "sequelize-pool": {
      "version": "2.3.0",
      "resolved": "https://registry.npm.taobao.org/sequelize-pool/download/sequelize-pool-2.3.0.tgz",
      "integrity": "sha1-ZPH+h0QigXLEdPUwYEthM75kmT0="
    },
    "socket.io": {
      "version": "2.2.0",
      "resolved": "https://registry.npm.taobao.org/socket.io/download/socket.io-2.2.0.tgz?cache=0&other_urls=https%3A%2F%2Fregistry.npm.taobao.org%2Fsocket.io%2Fdownload%2Fsocket.io-2.2.0.tgz",
      "integrity": "sha1-8PYzFh72cSyXKzB1mOzQjJsbTVs=",
      "dependencies": {
        "debug": {
          "version": "4.1.1",
          "resolved": "http://registry.npm.taobao.org/debug/download/debug-4.1.1.tgz",
          "integrity": "sha1-O3ImAlUQnGtYnO4FDx1RYTlmR5E="
        },
        "ms": {
          "version": "2.1.2",
          "resolved": "https://registry.npm.taobao.org/ms/download/ms-2.1.2.tgz?cache=0&other_urls=https%3A%2F%2Fregistry.npm.taobao.org%2Fms%2Fdownload%2Fms-2.1.2.tgz",
          "integrity": "sha1-0J0fNXtEP0kzgqjrPM0YOHKuYAk="
        }
      }
    },
    "sqlite3": {
      "version": "4.0.9",
      "resolved": "https://registry.npm.taobao.org/sqlite3/download/sqlite3-4.0.9.tgz",
      "integrity": "sha1-z/dFUPpaEVmVaBVAC972kkVVdkA="
    },
    "toposort-class": {
      "version": "1.0.1",
      "resolved": "http://registry.npm.taobao.org/toposort-class/download/toposort-class-1.0.1.tgz",
      "integrity": "sha1-f/0feMi+KMO6Rc1OGj9e4ZO9mYg="
    },
    "ts-node": {
      "version": "8.3.0",
      "resolved": "https://registry.npm.taobao.org/ts-node/download/ts-node-8.3.0.tgz",
      "integrity": "sha1-5AWWGEETcZJKH7XzsSWRXzJO+1c=",
      "dev": true
    },
    "typescript": {
      "version": "3.5.3",
      "resolved": "https://registry.npm.taobao.org/typescript/download/typescript-3.5.3.tgz",
      "integrity": "sha1-yDD2V/k/HqhGgZ6SkJL1/lmD6Xc=",
      "dev": true
    },
    "unlib.js": {
      "version": "git+https://github.com/Luluno01/unlib.js.git#9221eced70a927288f81c2f6bbce9f05577a5f35",
      "from": "git+https://github.com/Luluno01/unlib.js.git#9221eced70a927288f81c2f6bbce9f05577a5f35",
      "dev": true,
      "dependencies": {
        "@types/node": {
          "version": "10.14.13",
          "resolved": "https://registry.npm.taobao.org/@types/node/download/@types/node-10.14.13.tgz?cache=0&other_urls=https%3A%2F%2Fregistry.npm.taobao.org%2F%40types%2Fnode%2Fdownload%2F%40types%2Fnode-10.14.13.tgz",
          "integrity": "sha1-rHhtYjhgrfOaP1HWKUgKrNam7sc="
        }
      }
    },
    "uuid": {
      "version": "3.3.2",
      "resolved": "http://registry.npm.taobao.org/uuid/download/uuid-3.3.2.tgz",
      "integrity": "sha1-G0r0lV6zB3xQHCOHL8ZROBFYcTE="
    },
    "validator": {
      "version": "10.11.0",
      "resolved": "https://registry.npm.taobao.org/validator/download/validator-10.11.0.tgz",
      "integrity": "sha1-ADEI6m6amHTTHMyeUAaFbM12sig="
    },
    "wkx": {
      "version": "0.4.7",
      "resolved": "https://registry.npm.taobao.org/wkx/download/wkx-0.4.7.tgz?cache=0&other_urls=https%3A%2F%2Fregistry.npm.taobao.org%2Fwkx%2Fdownload%2Fwkx-0.4.7.tgz",
      "integrity": "sha1-ug5PnnhelcmXWFbBg08ZqVxlz7U="
    }
  }
}
